
Microsoft Visual Studio Solution File, Format Version 12.00
# Visual Studio Version 16
VisualStudioVersion = 16.0.31613.86
MinimumVisualStudioVersion = 10.0.40219.1
Project("{FAE04EC0-301F-11D3-BF4B-00C04F79EFBC}") = "ArenaApi", "ArenaApi\ArenaApi.csproj", "{1006BC3B-E98C-491F-8DFF-DD4DC05CB810}"
EndProject
Global
	GlobalSection(SolutionConfigurationPlatforms) = preSolution
		Debug|Any CPU = Debug|Any CPU
		Release|Any CPU = Release|Any CPU
	EndGlobalSection
	GlobalSection(ProjectConfigurationPlatforms) = postSolution
		{1006BC3B-E98C-491F-8DFF-DD4DC05CB810}.Debug|Any CPU.ActiveCfg = Debug|Any CPU
		{1006BC3B-E98C-491F-8DFF-DD4DC05CB810}.Debug|Any CPU.Build.0 = Debug|Any CPU
		{1006BC3B-E98C-491F-8DFF-DD4DC05CB810}.Release|Any CPU.ActiveCfg = Release|Any CPU
		{1006BC3B-E98C-491F-8DFF-DD4DC05CB810}.Release|Any CPU.Build.0 = Release|Any CPU
	EndGlobalSection
	GlobalSection(SolutionProperties) = preSolution
		HideSolutionNode = FALSE
	EndGlobalSection
	GlobalSection(ExtensibilityGlobals) = postSolution
		SolutionGuid = {1422007D-6538-4E1B-8064-1E3BBFC7C369}
	EndGlobalSection
EndGlobal
